// !$*UTF8*$!
{
	archiveVersion = 1;
	classes = {
	};
	objectVersion = 55;
	objects = {

/* Begin PBXBuildFile section */
		20F3FA3128379AE2008BFAF8 /* AppDelegate.swift in Sources */ = {isa = PBXBuildFile; fileRef = 20F3FA3028379AE2008BFAF8 /* AppDelegate.swift */; };
		20F3FA3328379AE2008BFAF8 /* SceneDelegate.swift in Sources */ = {isa = PBXBuildFile; fileRef = 20F3FA3228379AE2008BFAF8 /* SceneDelegate.swift */; };
		20F3FA3528379AE2008BFAF8 /* RootViewController.swift in Sources */ = {isa = PBXBuildFile; fileRef = 20F3FA3428379AE2008BFAF8 /* RootViewController.swift */; };
		20F3FA3A28379AE3008BFAF8 /* Assets.xcassets in Resources */ = {isa = PBXBuildFile; fileRef = 20F3FA3928379AE3008BFAF8 /* Assets.xcassets */; };
		20F3FA3D28379AE3008BFAF8 /* LaunchScreen.storyboard in Resources */ = {isa = PBXBuildFile; fileRef = 20F3FA3B28379AE3008BFAF8 /* LaunchScreen.storyboard */; };
		20F3FA4828379AE3008BFAF8 /* engenious_challengeTests.swift in Sources */ = {isa = PBXBuildFile; fileRef = 20F3FA4728379AE3008BFAF8 /* engenious_challengeTests.swift */; };
		20F3FA5228379AE3008BFAF8 /* engenious_challengeUITests.swift in Sources */ = {isa = PBXBuildFile; fileRef = 20F3FA5128379AE3008BFAF8 /* engenious_challengeUITests.swift */; };
		20F3FA5428379AE3008BFAF8 /* engenious_challengeUITestsLaunchTests.swift in Sources */ = {isa = PBXBuildFile; fileRef = 20F3FA5328379AE3008BFAF8 /* engenious_challengeUITestsLaunchTests.swift */; };
		20F3FA6128379F06008BFAF8 /* NetworkService.swift in Sources */ = {isa = PBXBuildFile; fileRef = 20F3FA6028379F06008BFAF8 /* NetworkService.swift */; };
		20F3FA6328379F1D008BFAF8 /* Repo.swift in Sources */ = {isa = PBXBuildFile; fileRef = 20F3FA6228379F1D008BFAF8 /* Repo.swift */; };
		20F3FA652837D07F008BFAF8 /* RepoTableViewCell.swift in Sources */ = {isa = PBXBuildFile; fileRef = 20F3FA642837D07F008BFAF8 /* RepoTableViewCell.swift */; };
		2606EEFB2849E03000AA244D /* RootViewModel.swift in Sources */ = {isa = PBXBuildFile; fileRef = 2606EEFA2849E03000AA244D /* RootViewModel.swift */; };
/* End PBXBuildFile section */

/* Begin PBXContainerItemProxy section */
		20F3FA4428379AE3008BFAF8 /* PBXContainerItemProxy */ = {
			isa = PBXContainerItemProxy;
			containerPortal = 20F3FA2528379AE2008BFAF8 /* Project object */;
			proxyType = 1;
			remoteGlobalIDString = 20F3FA2C28379AE2008BFAF8;
			remoteInfo = "engenious-challenge";
		};
		20F3FA4E28379AE3008BFAF8 /* PBXContainerItemProxy */ = {
			isa = PBXContainerItemProxy;
			containerPortal = 20F3FA2528379AE2008BFAF8 /* Project object */;
			proxyType = 1;
			remoteGlobalIDString = 20F3FA2C28379AE2008BFAF8;
			remoteInfo = "engenious-challenge";
		};
/* End PBXContainerItemProxy section */

/* Begin PBXFileReference section */
		20F3FA2D28379AE2008BFAF8 /* engenious-challenge.app */ = {isa = PBXFileReference; explicitFileType = wrapper.application; includeInIndex = 0; path = "engenious-challenge.app"; sourceTree = BUILT_PRODUCTS_DIR; };
		20F3FA3028379AE2008BFAF8 /* AppDelegate.swift */ = {isa = PBXFileReference; lastKnownFileType = sourcecode.swift; path = AppDelegate.swift; sourceTree = "<group>"; };
		20F3FA3228379AE2008BFAF8 /* SceneDelegate.swift */ = {isa = PBXFileReference; lastKnownFileType = sourcecode.swift; path = SceneDelegate.swift; sourceTree = "<group>"; };
		20F3FA3428379AE2008BFAF8 /* RootViewController.swift */ = {isa = PBXFileReference; lastKnownFileType = sourcecode.swift; path = RootViewController.swift; sourceTree = "<group>"; };
		20F3FA3928379AE3008BFAF8 /* Assets.xcassets */ = {isa = PBXFileReference; lastKnownFileType = folder.assetcatalog; path = Assets.xcassets; sourceTree = "<group>"; };
		20F3FA3C28379AE3008BFAF8 /* Base */ = {isa = PBXFileReference; lastKnownFileType = file.storyboard; name = Base; path = Base.lproj/LaunchScreen.storyboard; sourceTree = "<group>"; };
		20F3FA3E28379AE3008BFAF8 /* Info.plist */ = {isa = PBXFileReference; lastKnownFileType = text.plist.xml; path = Info.plist; sourceTree = "<group>"; };
		20F3FA4328379AE3008BFAF8 /* engenious-challengeTests.xctest */ = {isa = PBXFileReference; explicitFileType = wrapper.cfbundle; includeInIndex = 0; path = "engenious-challengeTests.xctest"; sourceTree = BUILT_PRODUCTS_DIR; };
		20F3FA4728379AE3008BFAF8 /* engenious_challengeTests.swift */ = {isa = PBXFileReference; lastKnownFileType = sourcecode.swift; path = engenious_challengeTests.swift; sourceTree = "<group>"; };
		20F3FA4D28379AE3008BFAF8 /* engenious-challengeUITests.xctest */ = {isa = PBXFileReference; explicitFileType = wrapper.cfbundle; includeInIndex = 0; path = "engenious-challengeUITests.xctest"; sourceTree = BUILT_PRODUCTS_DIR; };
		20F3FA5128379AE3008BFAF8 /* engenious_challengeUITests.swift */ = {isa = PBXFileReference; lastKnownFileType = sourcecode.swift; path = engenious_challengeUITests.swift; sourceTree = "<group>"; };
		20F3FA5328379AE3008BFAF8 /* engenious_challengeUITestsLaunchTests.swift */ = {isa = PBXFileReference; lastKnownFileType = sourcecode.swift; path = engenious_challengeUITestsLaunchTests.swift; sourceTree = "<group>"; };
		20F3FA6028379F06008BFAF8 /* NetworkService.swift */ = {isa = PBXFileReference; lastKnownFileType = sourcecode.swift; path = NetworkService.swift; sourceTree = "<group>"; };
		20F3FA6228379F1D008BFAF8 /* Repo.swift */ = {isa = PBXFileReference; lastKnownFileType = sourcecode.swift; path = Repo.swift; sourceTree = "<group>"; };
		20F3FA642837D07F008BFAF8 /* RepoTableViewCell.swift */ = {isa = PBXFileReference; lastKnownFileType = sourcecode.swift; path = RepoTableViewCell.swift; sourceTree = "<group>"; };
		2606EEFA2849E03000AA244D /* RootViewModel.swift */ = {isa = PBXFileReference; lastKnownFileType = sourcecode.swift; path = RootViewModel.swift; sourceTree = "<group>"; };
/* End PBXFileReference section */

/* Begin PBXFrameworksBuildPhase section */
		20F3FA2A28379AE2008BFAF8 /* Frameworks */ = {
			isa = PBXFrameworksBuildPhase;
			buildActionMask = 2147483647;
			files = (
			);
			runOnlyForDeploymentPostprocessing = 0;
		};
		20F3FA4028379AE3008BFAF8 /* Frameworks */ = {
			isa = PBXFrameworksBuildPhase;
			buildActionMask = 2147483647;
			files = (
			);
			runOnlyForDeploymentPostprocessing = 0;
		};
		20F3FA4A28379AE3008BFAF8 /* Frameworks */ = {
			isa = PBXFrameworksBuildPhase;
			buildActionMask = 2147483647;
			files = (
			);
			runOnlyForDeploymentPostprocessing = 0;
		};
/* End PBXFrameworksBuildPhase section */

/* Begin PBXGroup section */
		20F3FA2428379AE2008BFAF8 = {
			isa = PBXGroup;
			children = (
				20F3FA2F28379AE2008BFAF8 /* engenious-challenge */,
				20F3FA4628379AE3008BFAF8 /* engenious-challengeTests */,
				20F3FA5028379AE3008BFAF8 /* engenious-challengeUITests */,
				20F3FA2E28379AE2008BFAF8 /* Products */,
			);
			sourceTree = "<group>";
		};
		20F3FA2E28379AE2008BFAF8 /* Products */ = {
			isa = PBXGroup;
			children = (
				20F3FA2D28379AE2008BFAF8 /* engenious-challenge.app */,
				20F3FA4328379AE3008BFAF8 /* engenious-challengeTests.xctest */,
				20F3FA4D28379AE3008BFAF8 /* engenious-challengeUITests.xctest */,
			);
			name = Products;
			sourceTree = "<group>";
		};
		20F3FA2F28379AE2008BFAF8 /* engenious-challenge */ = {
			isa = PBXGroup;
			children = (
				20F3FA3028379AE2008BFAF8 /* AppDelegate.swift */,
				20F3FA3228379AE2008BFAF8 /* SceneDelegate.swift */,
				20F3FA3428379AE2008BFAF8 /* RootViewController.swift */,
				2606EEFA2849E03000AA244D /* RootViewModel.swift */,
				20F3FA642837D07F008BFAF8 /* RepoTableViewCell.swift */,
				20F3FA6028379F06008BFAF8 /* NetworkService.swift */,
				20F3FA6228379F1D008BFAF8 /* Repo.swift */,
				20F3FA3928379AE3008BFAF8 /* Assets.xcassets */,
				20F3FA3B28379AE3008BFAF8 /* LaunchScreen.storyboard */,
				20F3FA3E28379AE3008BFAF8 /* Info.plist */,
			);
			path = "engenious-challenge";
			sourceTree = "<group>";
		};
		20F3FA4628379AE3008BFAF8 /* engenious-challengeTests */ = {
			isa = PBXGroup;
			children = (
				20F3FA4728379AE3008BFAF8 /* engenious_challengeTests.swift */,
			);
			path = "engenious-challengeTests";
			sourceTree = "<group>";
		};
		20F3FA5028379AE3008BFAF8 /* engenious-challengeUITests */ = {
			isa = PBXGroup;
			children = (
				20F3FA5128379AE3008BFAF8 /* engenious_challengeUITests.swift */,
				20F3FA5328379AE3008BFAF8 /* engenious_challengeUITestsLaunchTests.swift */,
			);
			path = "engenious-challengeUITests";
			sourceTree = "<group>";
		};
/* End PBXGroup section */

/* Begin PBXNativeTarget section */
		20F3FA2C28379AE2008BFAF8 /* engenious-challenge */ = {
			isa = PBXNativeTarget;
			buildConfigurationList = 20F3FA5728379AE3008BFAF8 /* Build configuration list for PBXNativeTarget "engenious-challenge" */;
			buildPhases = (
				20F3FA2928379AE2008BFAF8 /* Sources */,
				20F3FA2A28379AE2008BFAF8 /* Frameworks */,
				20F3FA2B28379AE2008BFAF8 /* Resources */,
			);
			buildRules = (
			);
			dependencies = (
			);
			name = "engenious-challenge";
			productName = "engenious-challenge";
			productReference = 20F3FA2D28379AE2008BFAF8 /* engenious-challenge.app */;
			productType = "com.apple.product-type.application";
		};
		20F3FA4228379AE3008BFAF8 /* engenious-challengeTests */ = {
			isa = PBXNativeTarget;
			buildConfigurationList = 20F3FA5A28379AE3008BFAF8 /* Build configuration list for PBXNativeTarget "engenious-challengeTests" */;
			buildPhases = (
				20F3FA3F28379AE3008BFAF8 /* Sources */,
				20F3FA4028379AE3008BFAF8 /* Frameworks */,
				20F3FA4128379AE3008BFAF8 /* Resources */,
			);
			buildRules = (
			);
			dependencies = (
				20F3FA4528379AE3008BFAF8 /* PBXTargetDependency */,
			);
			name = "engenious-challengeTests";
			productName = "engenious-challengeTests";
			productReference = 20F3FA4328379AE3008BFAF8 /* engenious-challengeTests.xctest */;
			productType = "com.apple.product-type.bundle.unit-test";
		};
		20F3FA4C28379AE3008BFAF8 /* engenious-challengeUITests */ = {
			isa = PBXNativeTarget;
			buildConfigurationList = 20F3FA5D28379AE3008BFAF8 /* Build configuration list for PBXNativeTarget "engenious-challengeUITests" */;
			buildPhases = (
				20F3FA4928379AE3008BFAF8 /* Sources */,
				20F3FA4A28379AE3008BFAF8 /* Frameworks */,
				20F3FA4B28379AE3008BFAF8 /* Resources */,
			);
			buildRules = (
			);
			dependencies = (
				20F3FA4F28379AE3008BFAF8 /* PBXTargetDependency */,
			);
			name = "engenious-challengeUITests";
			productName = "engenious-challengeUITests";
			productReference = 20F3FA4D28379AE3008BFAF8 /* engenious-challengeUITests.xctest */;
			productType = "com.apple.product-type.bundle.ui-testing";
		};
/* End PBXNativeTarget section */

/* Begin PBXProject section */
		20F3FA2528379AE2008BFAF8 /* Project object */ = {
			isa = PBXProject;
			attributes = {
				BuildIndependentTargetsInParallel = 1;
				LastSwiftUpdateCheck = 1330;
				LastUpgradeCheck = 1330;
				TargetAttributes = {
					20F3FA2C28379AE2008BFAF8 = {
						CreatedOnToolsVersion = 13.3.1;
					};
					20F3FA4228379AE3008BFAF8 = {
						CreatedOnToolsVersion = 13.3.1;
						TestTargetID = 20F3FA2C28379AE2008BFAF8;
					};
					20F3FA4C28379AE3008BFAF8 = {
						CreatedOnToolsVersion = 13.3.1;
						TestTargetID = 20F3FA2C28379AE2008BFAF8;
					};
				};
			};
			buildConfigurationList = 20F3FA2828379AE2008BFAF8 /* Build configuration list for PBXProject "engenious-challenge" */;
			compatibilityVersion = "Xcode 13.0";
			developmentRegion = en;
			hasScannedForEncodings = 0;
			knownRegions = (
				en,
				Base,
			);
			mainGroup = 20F3FA2428379AE2008BFAF8;
			productRefGroup = 20F3FA2E28379AE2008BFAF8 /* Products */;
			projectDirPath = "";
			projectRoot = "";
			targets = (
				20F3FA2C28379AE2008BFAF8 /* engenious-challenge */,
				20F3FA4228379AE3008BFAF8 /* engenious-challengeTests */,
				20F3FA4C28379AE3008BFAF8 /* engenious-challengeUITests */,
			);
		};
/* End PBXProject section */

/* Begin PBXResourcesBuildPhase section */
		20F3FA2B28379AE2008BFAF8 /* Resources */ = {
			isa = PBXResourcesBuildPhase;
			buildActionMask = 2147483647;
			files = (
				20F3FA3D28379AE3008BFAF8 /* LaunchScreen.storyboard in Resources */,
				20F3FA3A28379AE3008BFAF8 /* Assets.xcassets in Resources */,
			);
			runOnlyForDeploymentPostprocessing = 0;
		};
		20F3FA4128379AE3008BFAF8 /* Resources */ = {
			isa = PBXResourcesBuildPhase;
			buildActionMask = 2147483647;
			files = (
			);
			runOnlyForDeploymentPostprocessing = 0;
		};
		20F3FA4B28379AE3008BFAF8 /* Resources */ = {
			isa = PBXResourcesBuildPhase;
			buildActionMask = 2147483647;
			files = (
			);
			runOnlyForDeploymentPostprocessing = 0;
		};
/* End PBXResourcesBuildPhase section */

/* Begin PBXSourcesBuildPhase section */
		20F3FA2928379AE2008BFAF8 /* Sources */ = {
			isa = PBXSourcesBuildPhase;
			buildActionMask = 2147483647;
			files = (
				20F3FA3528379AE2008BFAF8 /* RootViewController.swift in Sources */,
				2606EEFB2849E03000AA244D /* RootViewModel.swift in Sources */,
				20F3FA3128379AE2008BFAF8 /* AppDelegate.swift in Sources */,
				20F3FA6328379F1D008BFAF8 /* Repo.swift in Sources */,
				20F3FA6128379F06008BFAF8 /* NetworkService.swift in Sources */,
				20F3FA3328379AE2008BFAF8 /* SceneDelegate.swift in Sources */,
				20F3FA652837D07F008BFAF8 /* RepoTableViewCell.swift in Sources */,
			);
			runOnlyForDeploymentPostprocessing = 0;
		};
		20F3FA3F28379AE3008BFAF8 /* Sources */ = {
			isa = PBXSourcesBuildPhase;
			buildActionMask = 2147483647;
			files = (
				20F3FA4828379AE3008BFAF8 /* engenious_challengeTests.swift in Sources */,
			);
			runOnlyForDeploymentPostprocessing = 0;
		};
		20F3FA4928379AE3008BFAF8 /* Sources */ = {
			isa = PBXSourcesBuildPhase;
			buildActionMask = 2147483647;
			files = (
				20F3FA5428379AE3008BFAF8 /* engenious_challengeUITestsLaunchTests.swift in Sources */,
				20F3FA5228379AE3008BFAF8 /* engenious_challengeUITests.swift in Sources */,
			);
			runOnlyForDeploymentPostprocessing = 0;
		};
/* End PBXSourcesBuildPhase section */

/* Begin PBXTargetDependency section */
		20F3FA4528379AE3008BFAF8 /* PBXTargetDependency */ = {
			isa = PBXTargetDependency;
			target = 20F3FA2C28379AE2008BFAF8 /* engenious-challenge */;
			targetProxy = 20F3FA4428379AE3008BFAF8 /* PBXContainerItemProxy */;
		};
		20F3FA4F28379AE3008BFAF8 /* PBXTargetDependency */ = {
			isa = PBXTargetDependency;
			target = 20F3FA2C28379AE2008BFAF8 /* engenious-challenge */;
			targetProxy = 20F3FA4E28379AE3008BFAF8 /* PBXContainerItemProxy */;
		};
/* End PBXTargetDependency section */

/* Begin PBXVariantGroup section */
		20F3FA3B28379AE3008BFAF8 /* LaunchScreen.storyboard */ = {
			isa = PBXVariantGroup;
			children = (
				20F3FA3C28379AE3008BFAF8 /* Base */,
			);
			name = LaunchScreen.storyboard;
			sourceTree = "<group>";
		};
/* End PBXVariantGroup section */

/* Begin XCBuildConfiguration section */
		20F3FA5528379AE3008BFAF8 /* Debug */ = {
			isa = XCBuildConfiguration;
			buildSettings = {
				ALWAYS_SEARCH_USER_PATHS = NO;
				CLANG_ANALYZER_NONNULL = YES;
				CLANG_ANALYZER_NUMBER_OBJECT_CONVERSION = YES_AGGRESSIVE;
				CLANG_CXX_LANGUAGE_STANDARD = "gnu++17";
				CLANG_ENABLE_MODULES = YES;
				CLANG_ENABLE_OBJC_ARC = YES;
				CLANG_ENABLE_OBJC_WEAK = YES;
				CLANG_WARN_BLOCK_CAPTURE_AUTORELEASING = YES;
				CLANG_WARN_BOOL_CONVERSION = YES;
				CLANG_WARN_COMMA = YES;
				CLANG_WARN_CONSTANT_CONVERSION = YES;
				CLANG_WARN_DEPRECATED_OBJC_IMPLEMENTATIONS = YES;
				CLANG_WARN_DIRECT_OBJC_ISA_USAGE = YES_ERROR;
				CLANG_WARN_DOCUMENTATION_COMMENTS = YES;
				CLANG_WARN_EMPTY_BODY = YES;
				CLANG_WARN_ENUM_CONVERSION = YES;
				CLANG_WARN_INFINITE_RECURSION = YES;
				CLANG_WARN_INT_CONVERSION = YES;
				CLANG_WARN_NON_LITERAL_NULL_CONVERSION = YES;
				CLANG_WARN_OBJC_IMPLICIT_RETAIN_SELF = YES;
				CLANG_WARN_OBJC_LITERAL_CONVERSION = YES;
				CLANG_WARN_OBJC_ROOT_CLASS = YES_ERROR;
				CLANG_WARN_QUOTED_INCLUDE_IN_FRAMEWORK_HEADER = YES;
				CLANG_WARN_RANGE_LOOP_ANALYSIS = YES;
				CLANG_WARN_STRICT_PROTOTYPES = YES;
				CLANG_WARN_SUSPICIOUS_MOVE = YES;
				CLANG_WARN_UNGUARDED_AVAILABILITY = YES_AGGRESSIVE;
				CLANG_WARN_UNREACHABLE_CODE = YES;
				CLANG_WARN__DUPLICATE_METHOD_MATCH = YES;
				COPY_PHASE_STRIP = NO;
				DEBUG_INFORMATION_FORMAT = dwarf;
				ENABLE_STRICT_OBJC_MSGSEND = YES;
				ENABLE_TESTABILITY = YES;
				GCC_C_LANGUAGE_STANDARD = gnu11;
				GCC_DYNAMIC_NO_PIC = NO;
				GCC_NO_COMMON_BLOCKS = YES;
				GCC_OPTIMIZATION_LEVEL = 0;
				GCC_PREPROCESSOR_DEFINITIONS = (
					"DEBUG=1",
					"$(inherited)",
				);
				GCC_WARN_64_TO_32_BIT_CONVERSION = YES;
				GCC_WARN_ABOUT_RETURN_TYPE = YES_ERROR;
				GCC_WARN_UNDECLARED_SELECTOR = YES;
				GCC_WARN_UNINITIALIZED_AUTOS = YES_AGGRESSIVE;
				GCC_WARN_UNUSED_FUNCTION = YES;
				GCC_WARN_UNUSED_VARIABLE = YES;
				IPHONEOS_DEPLOYMENT_TARGET = 15.2;
				MTL_ENABLE_DEBUG_INFO = INCLUDE_SOURCE;
				MTL_FAST_MATH = YES;
				ONLY_ACTIVE_ARCH = YES;
				SDKROOT = iphoneos;
				SWIFT_ACTIVE_COMPILATION_CONDITIONS = DEBUG;
				SWIFT_OPTIMIZATION_LEVEL = "-Onone";
			};
			name = Debug;
		};
		20F3FA5628379AE3008BFAF8 /* Release */ = {
			isa = XCBuildConfiguration;
			buildSettings = {
				ALWAYS_SEARCH_USER_PATHS = NO;
				CLANG_ANALYZER_NONNULL = YES;
				CLANG_ANALYZER_NUMBER_OBJECT_CONVERSION = YES_AGGRESSIVE;
				CLANG_CXX_LANGUAGE_STANDARD = "gnu++17";
				CLANG_ENABLE_MODULES = YES;
				CLANG_ENABLE_OBJC_ARC = YES;
				CLANG_ENABLE_OBJC_WEAK = YES;
				CLANG_WARN_BLOCK_CAPTURE_AUTORELEASING = YES;
				CLANG_WARN_BOOL_CONVERSION = YES;
				CLANG_WARN_COMMA = YES;
				CLANG_WARN_CONSTANT_CONVERSION = YES;
				CLANG_WARN_DEPRECATED_OBJC_IMPLEMENTATIONS = YES;
				CLANG_WARN_DIRECT_OBJC_ISA_USAGE = YES_ERROR;
				CLANG_WARN_DOCUMENTATION_COMMENTS = YES;
				CLANG_WARN_EMPTY_BODY = YES;
				CLANG_WARN_ENUM_CONVERSION = YES;
				CLANG_WARN_INFINITE_RECURSION = YES;
				CLANG_WARN_INT_CONVERSION = YES;
				CLANG_WARN_NON_LITERAL_NULL_CONVERSION = YES;
				CLANG_WARN_OBJC_IMPLICIT_RETAIN_SELF = YES;
				CLANG_WARN_OBJC_LITERAL_CONVERSION = YES;
				CLANG_WARN_OBJC_ROOT_CLASS = YES_ERROR;
				CLANG_WARN_QUOTED_INCLUDE_IN_FRAMEWORK_HEADER = YES;
				CLANG_WARN_RANGE_LOOP_ANALYSIS = YES;
				CLANG_WARN_STRICT_PROTOTYPES = YES;
				CLANG_WARN_SUSPICIOUS_MOVE = YES;
				CLANG_WARN_UNGUARDED_AVAILABILITY = YES_AGGRESSIVE;
				CLANG_WARN_UNREACHABLE_CODE = YES;
				CLANG_WARN__DUPLICATE_METHOD_MATCH = YES;
				COPY_PHASE_STRIP = NO;
				DEBUG_INFORMATION_FORMAT = "dwarf-with-dsym";
				ENABLE_NS_ASSERTIONS = NO;
				ENABLE_STRICT_OBJC_MSGSEND = YES;
				GCC_C_LANGUAGE_STANDARD = gnu11;
				GCC_NO_COMMON_BLOCKS = YES;
				GCC_WARN_64_TO_32_BIT_CONVERSION = YES;
				GCC_WARN_ABOUT_RETURN_TYPE = YES_ERROR;
				GCC_WARN_UNDECLARED_SELECTOR = YES;
				GCC_WARN_UNINITIALIZED_AUTOS = YES_AGGRESSIVE;
				GCC_WARN_UNUSED_FUNCTION = YES;
				GCC_WARN_UNUSED_VARIABLE = YES;
				IPHONEOS_DEPLOYMENT_TARGET = 15.2;
				MTL_ENABLE_DEBUG_INFO = NO;
				MTL_FAST_MATH = YES;
				SDKROOT = iphoneos;
				SWIFT_COMPILATION_MODE = wholemodule;
				SWIFT_OPTIMIZATION_LEVEL = "-O";
				VALIDATE_PRODUCT = YES;
			};
			name = Release;
		};
		20F3FA5828379AE3008BFAF8 /* Debug */ = {
			isa = XCBuildConfiguration;
			buildSettings = {
				ASSETCATALOG_COMPILER_APPICON_NAME = AppIcon;
				ASSETCATALOG_COMPILER_GLOBAL_ACCENT_COLOR_NAME = AccentColor;
				CODE_SIGN_STYLE = Automatic;
				CURRENT_PROJECT_VERSION = 1;
				GENERATE_INFOPLIST_FILE = YES;
				INFOPLIST_FILE = "engenious-challenge/Info.plist";
				INFOPLIST_KEY_UIApplicationSupportsIndirectInputEvents = YES;
				INFOPLIST_KEY_UILaunchStoryboardName = LaunchScreen;
				INFOPLIST_KEY_UISupportedInterfaceOrientations = UIInterfaceOrientationPortrait;
				INFOPLIST_KEY_UISupportedInterfaceOrientations_iPad = "UIInterfaceOrientationPortrait UIInterfaceOrientationPortraitUpsideDown UIInterfaceOrientationLandscapeLeft UIInterfaceOrientationLandscapeRight";
				INFOPLIST_KEY_UISupportedInterfaceOrientations_iPhone = "UIInterfaceOrientationPortrait UIInterfaceOrientationLandscapeLeft UIInterfaceOrientationLandscapeRight";
				LD_RUNPATH_SEARCH_PATHS = (
					"$(inherited)",
					"@executable_path/Frameworks",
				);
				MARKETING_VERSION = 1.0;
				PRODUCT_BUNDLE_IDENTIFIER = "com.engenious.engenious-challenge";
				PRODUCT_NAME = "$(TARGET_NAME)";
				SWIFT_EMIT_LOC_STRINGS = YES;
				SWIFT_VERSION = 5.0;
				TARGETED_DEVICE_FAMILY = "1,2";
			};
			name = Debug;
		};
		20F3FA5928379AE3008BFAF8 /* Release */ = {
			isa = XCBuildConfiguration;
			buildSettings = {
				ASSETCATALOG_COMPILER_APPICON_NAME = AppIcon;
				ASSETCATALOG_COMPILER_GLOBAL_ACCENT_COLOR_NAME = AccentColor;
				CODE_SIGN_STYLE = Automatic;
				CURRENT_PROJECT_VERSION = 1;
				GENERATE_INFOPLIST_FILE = YES;
				INFOPLIST_FILE = "engenious-challenge/Info.plist";
				INFOPLIST_KEY_UIApplicationSupportsIndirectInputEvents = YES;
				INFOPLIST_KEY_UILaunchStoryboardName = LaunchScreen;
				INFOPLIST_KEY_UISupportedInterfaceOrientations = UIInterfaceOrientationPortrait;
				INFOPLIST_KEY_UISupportedInterfaceOrientations_iPad = "UIInterfaceOrientationPortrait UIInterfaceOrientationPortraitUpsideDown UIInterfaceOrientationLandscapeLeft UIInterfaceOrientationLandscapeRight";
				INFOPLIST_KEY_UISupportedInterfaceOrientations_iPhone = "UIInterfaceOrientationPortrait UIInterfaceOrientationLandscapeLeft UIInterfaceOrientationLandscapeRight";
				LD_RUNPATH_SEARCH_PATHS = (
					"$(inherited)",
					"@executable_path/Frameworks",
				);
				MARKETING_VERSION = 1.0;
				PRODUCT_BUNDLE_IDENTIFIER = "com.engenious.engenious-challenge";
				PRODUCT_NAME = "$(TARGET_NAME)";
				SWIFT_EMIT_LOC_STRINGS = YES;
				SWIFT_VERSION = 5.0;
				TARGETED_DEVICE_FAMILY = "1,2";
			};
			name = Release;
		};
		20F3FA5B28379AE3008BFAF8 /* Debug */ = {
			isa = XCBuildConfiguration;
			buildSettings = {
				ALWAYS_EMBED_SWIFT_STANDARD_LIBRARIES = YES;
				BUNDLE_LOADER = "$(TEST_HOST)";
				CODE_SIGN_STYLE = Automatic;
				CURRENT_PROJECT_VERSION = 1;
				GENERATE_INFOPLIST_FILE = YES;
				IPHONEOS_DEPLOYMENT_TARGET = 15.4;
				MARKETING_VERSION = 1.0;
				PRODUCT_BUNDLE_IDENTIFIER = "com.engenious.engenious-challengeTests";
				PRODUCT_NAME = "$(TARGET_NAME)";
				SWIFT_EMIT_LOC_STRINGS = NO;
				SWIFT_VERSION = 5.0;
				TARGETED_DEVICE_FAMILY = "1,2";
				TEST_HOST = "$(BUILT_PRODUCTS_DIR)/engenious-challenge.app/engenious-challenge";
			};
			name = Debug;
		};
		20F3FA5C28379AE3008BFAF8 /* Release */ = {
			isa = XCBuildConfiguration;
			buildSettings = {
				ALWAYS_EMBED_SWIFT_STANDARD_LIBRARIES = YES;
				BUNDLE_LOADER = "$(TEST_HOST)";
				CODE_SIGN_STYLE = Automatic;
				CURRENT_PROJECT_VERSION = 1;
				GENERATE_INFOPLIST_FILE = YES;
				IPHONEOS_DEPLOYMENT_TARGET = 15.4;
				MARKETING_VERSION = 1.0;
				PRODUCT_BUNDLE_IDENTIFIER = "com.engenious.engenious-challengeTests";
				PRODUCT_NAME = "$(TARGET_NAME)";
				SWIFT_EMIT_LOC_STRINGS = NO;
				SWIFT_VERSION = 5.0;
				TARGETED_DEVICE_FAMILY = "1,2";
				TEST_HOST = "$(BUILT_PRODUCTS_DIR)/engenious-challenge.app/engenious-challenge";
			};
			name = Release;
		};
		20F3FA5E28379AE3008BFAF8 /* Debug */ = {
			isa = XCBuildConfiguration;
			buildSettings = {
				ALWAYS_EMBED_SWIFT_STANDARD_LIBRARIES = YES;
				CODE_SIGN_STYLE = Automatic;
				CURRENT_PROJECT_VERSION = 1;
				GENERATE_INFOPLIST_FILE = YES;
				MARKETING_VERSION = 1.0;
				PRODUCT_BUNDLE_IDENTIFIER = "com.engenious.engenious-challengeUITests";
				PRODUCT_NAME = "$(TARGET_NAME)";
				SWIFT_EMIT_LOC_STRINGS = NO;
				SWIFT_VERSION = 5.0;
				TARGETED_DEVICE_FAMILY = "1,2";
				TEST_TARGET_NAME = "engenious-challenge";
			};
			name = Debug;
		};
		20F3FA5F28379AE3008BFAF8 /* Release */ = {
			isa = XCBuildConfiguration;
			buildSettings = {
				ALWAYS_EMBED_SWIFT_STANDARD_LIBRARIES = YES;
				CODE_SIGN_STYLE = Automatic;
				CURRENT_PROJECT_VERSION = 1;
				GENERATE_INFOPLIST_FILE = YES;
				MARKETING_VERSION = 1.0;
				PRODUCT_BUNDLE_IDENTIFIER = "com.engenious.engenious-challengeUITests";
				PRODUCT_NAME = "$(TARGET_NAME)";
				SWIFT_EMIT_LOC_STRINGS = NO;
				SWIFT_VERSION = 5.0;
				TARGETED_DEVICE_FAMILY = "1,2";
				TEST_TARGET_NAME = "engenious-challenge";
			};
			name = Release;
		};
/* End XCBuildConfiguration section */

/* Begin XCConfigurationList section */
		20F3FA2828379AE2008BFAF8 /* Build configuration list for PBXProject "engenious-challenge" */ = {
			isa = XCConfigurationList;
			buildConfigurations = (
				20F3FA5528379AE3008BFAF8 /* Debug */,
				20F3FA5628379AE3008BFAF8 /* Release */,
			);
			defaultConfigurationIsVisible = 0;
			defaultConfigurationName = Release;
		};
		20F3FA5728379AE3008BFAF8 /* Build configuration list for PBXNativeTarget "engenious-challenge" */ = {
			isa = XCConfigurationList;
			buildConfigurations = (
				20F3FA5828379AE3008BFAF8 /* Debug */,
				20F3FA5928379AE3008BFAF8 /* Release */,
			);
			defaultConfigurationIsVisible = 0;
			defaultConfigurationName = Release;
		};
		20F3FA5A28379AE3008BFAF8 /* Build configuration list for PBXNativeTarget "engenious-challengeTests" */ = {
			isa = XCConfigurationList;
			buildConfigurations = (
				20F3FA5B28379AE3008BFAF8 /* Debug */,
				20F3FA5C28379AE3008BFAF8 /* Release */,
			);
			defaultConfigurationIsVisible = 0;
			defaultConfigurationName = Release;
		};
		20F3FA5D28379AE3008BFAF8 /* Build configuration list for PBXNativeTarget "engenious-challengeUITests" */ = {
			isa = XCConfigurationList;
			buildConfigurations = (
				20F3FA5E28379AE3008BFAF8 /* Debug */,
				20F3FA5F28379AE3008BFAF8 /* Release */,
			);
			defaultConfigurationIsVisible = 0;
			defaultConfigurationName = Release;
		};
/* End XCConfigurationList section */
	};
	rootObject = 20F3FA2528379AE2008BFAF8 /* Project object */;
}
